
Microsoft Visual Studio Solution File, Format Version 12.00
# Visual Studio Version 17
VisualStudioVersion = 17.0.31903.59
MinimumVisualStudioVersion = 10.0.40219.1
Project("{FAE04EC0-301F-11D3-BF4B-00C04F79EFBC}") = "NothingVpn.Domain", "src\NothingVpn.Domain\NothingVpn.Domain.csproj", "{8A2667FC-ECC9-49C1-9BAE-B19E9DAE2765}"
EndProject
Project("{FAE04EC0-301F-11D3-BF4B-00C04F79EFBC}") = "NothingVpn.Application", "src\NothingVpn.Application\NothingVpn.Application.csproj", "{26CC2F28-2C43-460A-B936-BEE0F66837A8}"
EndProject
Project("{FAE04EC0-301F-11D3-BF4B-00C04F79EFBC}") = "NothingVpn.Infrastructure", "src\NothingVpn.Infrastructure\NothingVpn.Infrastructure.csproj", "{7DDCE663-7DFE-4A05-82D1-4AEFF61142CD}"
EndProject
Project("{FAE04EC0-301F-11D3-BF4B-00C04F79EFBC}") = "NothingVpn.Tray", "src\NothingVpn.Tray\NothingVpn.Tray.csproj", "{0C5D92C8-45CB-407B-B16A-2CA1B90E3517}"
EndProject
Project("{FAE04EC0-301F-11D3-BF4B-00C04F79EFBC}") = "NothingVpn.Application.Tests", "tests\NothingVpn.Application.Tests\NothingVpn.Application.Tests.csproj", "{B97D3682-EBB0-4736-87A3-D8D743595647}"
EndProject
Project("{FAE04EC0-301F-11D3-BF4B-00C04F79EFBC}") = "NothingVpn.Presentation", "src\NothingVpn.Presentation\NothingVpn.Presentation.csproj", "{7F3735BD-C56D-49A0-B980-51EE14AA735A}"
EndProject
Project("{2150E333-8FDC-42A3-9474-1A3956D46DE8}") = "src", "src", "{11B50484-5A92-4DE5-9484-EA1255CB3E5C}"
EndProject
Project("{2150E333-8FDC-42A3-9474-1A3956D46DE8}") = "tests", "tests", "{234D747B-D1C7-4E49-BE24-A5D7F186694A}"
EndProject
Project("{2150E333-8FDC-42A3-9474-1A3956D46DE8}") = "build", "build", "{3DB58C1E-E340-40E6-B05D-F488AF01FE71}"
	ProjectSection(SolutionItems) = preProject
		build\Build.ps1 = build\Build.ps1
		build\installer\NothingVpn.iss = build\installer\NothingVpn.iss
	EndProjectSection
EndProject
Project("{FAE04EC0-301F-11D3-BF4B-00C04F79EFBC}") = "NothingVpn.Desktop.Wpf", "src\NothingVpn.Desktop.Wpf\NothingVpn.Desktop.Wpf.csproj", "{1EB8C37E-0070-44E5-B10B-2F7D39C69487}"
EndProject
Global
	GlobalSection(SolutionConfigurationPlatforms) = preSolution
		Debug|Any CPU = Debug|Any CPU
		Debug|x64 = Debug|x64
		Debug|x86 = Debug|x86
		Release|Any CPU = Release|Any CPU
		Release|x64 = Release|x64
		Release|x86 = Release|x86
	EndGlobalSection
	GlobalSection(ProjectConfigurationPlatforms) = postSolution
		{8A2667FC-ECC9-49C1-9BAE-B19E9DAE2765}.Debug|Any CPU.ActiveCfg = Debug|Any CPU
		{8A2667FC-ECC9-49C1-9BAE-B19E9DAE2765}.Debug|Any CPU.Build.0 = Debug|Any CPU
		{8A2667FC-ECC9-49C1-9BAE-B19E9DAE2765}.Debug|x64.ActiveCfg = Debug|Any CPU
		{8A2667FC-ECC9-49C1-9BAE-B19E9DAE2765}.Debug|x64.Build.0 = Debug|Any CPU
		{8A2667FC-ECC9-49C1-9BAE-B19E9DAE2765}.Debug|x86.ActiveCfg = Debug|Any CPU
		{8A2667FC-ECC9-49C1-9BAE-B19E9DAE2765}.Debug|x86.Build.0 = Debug|Any CPU
		{8A2667FC-ECC9-49C1-9BAE-B19E9DAE2765}.Release|Any CPU.ActiveCfg = Release|Any CPU
		{8A2667FC-ECC9-49C1-9BAE-B19E9DAE2765}.Release|Any CPU.Build.0 = Release|Any CPU
		{8A2667FC-ECC9-49C1-9BAE-B19E9DAE2765}.Release|x64.ActiveCfg = Release|Any CPU
		{8A2667FC-ECC9-49C1-9BAE-B19E9DAE2765}.Release|x64.Build.0 = Release|Any CPU
		{8A2667FC-ECC9-49C1-9BAE-B19E9DAE2765}.Release|x86.ActiveCfg = Release|Any CPU
		{8A2667FC-ECC9-49C1-9BAE-B19E9DAE2765}.Release|x86.Build.0 = Release|Any CPU
		{26CC2F28-2C43-460A-B936-BEE0F66837A8}.Debug|Any CPU.ActiveCfg = Debug|Any CPU
		{26CC2F28-2C43-460A-B936-BEE0F66837A8}.Debug|Any CPU.Build.0 = Debug|Any CPU
		{26CC2F28-2C43-460A-B936-BEE0F66837A8}.Debug|x64.ActiveCfg = Debug|Any CPU
		{26CC2F28-2C43-460A-B936-BEE0F66837A8}.Debug|x64.Build.0 = Debug|Any CPU
		{26CC2F28-2C43-460A-B936-BEE0F66837A8}.Debug|x86.ActiveCfg = Debug|Any CPU
		{26CC2F28-2C43-460A-B936-BEE0F66837A8}.Debug|x86.Build.0 = Debug|Any CPU
		{26CC2F28-2C43-460A-B936-BEE0F66837A8}.Release|Any CPU.ActiveCfg = Release|Any CPU
		{26CC2F28-2C43-460A-B936-BEE0F66837A8}.Release|Any CPU.Build.0 = Release|Any CPU
		{26CC2F28-2C43-460A-B936-BEE0F66837A8}.Release|x64.ActiveCfg = Release|Any CPU
		{26CC2F28-2C43-460A-B936-BEE0F66837A8}.Release|x64.Build.0 = Release|Any CPU
		{26CC2F28-2C43-460A-B936-BEE0F66837A8}.Release|x86.ActiveCfg = Release|Any CPU
		{26CC2F28-2C43-460A-B936-BEE0F66837A8}.Release|x86.Build.0 = Release|Any CPU
		{7DDCE663-7DFE-4A05-82D1-4AEFF61142CD}.Debug|Any CPU.ActiveCfg = Debug|Any CPU
		{7DDCE663-7DFE-4A05-82D1-4AEFF61142CD}.Debug|Any CPU.Build.0 = Debug|Any CPU
		{7DDCE663-7DFE-4A05-82D1-4AEFF61142CD}.Debug|x64.ActiveCfg = Debug|Any CPU
		{7DDCE663-7DFE-4A05-82D1-4AEFF61142CD}.Debug|x64.Build.0 = Debug|Any CPU
		{7DDCE663-7DFE-4A05-82D1-4AEFF61142CD}.Debug|x86.ActiveCfg = Debug|Any CPU
		{7DDCE663-7DFE-4A05-82D1-4AEFF61142CD}.Debug|x86.Build.0 = Debug|Any CPU
		{7DDCE663-7DFE-4A05-82D1-4AEFF61142CD}.Release|Any CPU.ActiveCfg = Release|Any CPU
		{7DDCE663-7DFE-4A05-82D1-4AEFF61142CD}.Release|Any CPU.Build.0 = Release|Any CPU
		{7DDCE663-7DFE-4A05-82D1-4AEFF61142CD}.Release|x64.ActiveCfg = Release|Any CPU
		{7DDCE663-7DFE-4A05-82D1-4AEFF61142CD}.Release|x64.Build.0 = Release|Any CPU
		{7DDCE663-7DFE-4A05-82D1-4AEFF61142CD}.Release|x86.ActiveCfg = Release|Any CPU
		{7DDCE663-7DFE-4A05-82D1-4AEFF61142CD}.Release|x86.Build.0 = Release|Any CPU
		{0C5D92C8-45CB-407B-B16A-2CA1B90E3517}.Debug|Any CPU.ActiveCfg = Debug|Any CPU
		{0C5D92C8-45CB-407B-B16A-2CA1B90E3517}.Debug|Any CPU.Build.0 = Debug|Any CPU
		{0C5D92C8-45CB-407B-B16A-2CA1B90E3517}.Debug|x64.ActiveCfg = Debug|Any CPU
		{0C5D92C8-45CB-407B-B16A-2CA1B90E3517}.Debug|x64.Build.0 = Debug|Any CPU
		{0C5D92C8-45CB-407B-B16A-2CA1B90E3517}.Debug|x86.ActiveCfg = Debug|Any CPU
		{0C5D92C8-45CB-407B-B16A-2CA1B90E3517}.Debug|x86.Build.0 = Debug|Any CPU
		{0C5D92C8-45CB-407B-B16A-2CA1B90E3517}.Release|Any CPU.ActiveCfg = Release|Any CPU
		{0C5D92C8-45CB-407B-B16A-2CA1B90E3517}.Release|Any CPU.Build.0 = Release|Any CPU
		{0C5D92C8-45CB-407B-B16A-2CA1B90E3517}.Release|x64.ActiveCfg = Release|Any CPU
		{0C5D92C8-45CB-407B-B16A-2CA1B90E3517}.Release|x64.Build.0 = Release|Any CPU
		{0C5D92C8-45CB-407B-B16A-2CA1B90E3517}.Release|x86.ActiveCfg = Release|Any CPU
		{0C5D92C8-45CB-407B-B16A-2CA1B90E3517}.Release|x86.Build.0 = Release|Any CPU
		{B97D3682-EBB0-4736-87A3-D8D743595647}.Debug|Any CPU.ActiveCfg = Debug|Any CPU
		{B97D3682-EBB0-4736-87A3-D8D743595647}.Debug|Any CPU.Build.0 = Debug|Any CPU
		{B97D3682-EBB0-4736-87A3-D8D743595647}.Debug|x64.ActiveCfg = Debug|Any CPU
		{B97D3682-EBB0-4736-87A3-D8D743595647}.Debug|x64.Build.0 = Debug|Any CPU
		{B97D3682-EBB0-4736-87A3-D8D743595647}.Debug|x86.ActiveCfg = Debug|Any CPU
		{B97D3682-EBB0-4736-87A3-D8D743595647}.Debug|x86.Build.0 = Debug|Any CPU
		{B97D3682-EBB0-4736-87A3-D8D743595647}.Release|Any CPU.ActiveCfg = Release|Any CPU
		{B97D3682-EBB0-4736-87A3-D8D743595647}.Release|Any CPU.Build.0 = Release|Any CPU
		{B97D3682-EBB0-4736-87A3-D8D743595647}.Release|x64.ActiveCfg = Release|Any CPU
		{B97D3682-EBB0-4736-87A3-D8D743595647}.Release|x64.Build.0 = Release|Any CPU
		{B97D3682-EBB0-4736-87A3-D8D743595647}.Release|x86.ActiveCfg = Release|Any CPU
		{B97D3682-EBB0-4736-87A3-D8D743595647}.Release|x86.Build.0 = Release|Any CPU
		{7F3735BD-C56D-49A0-B980-51EE14AA735A}.Debug|Any CPU.ActiveCfg = Debug|Any CPU
		{7F3735BD-C56D-49A0-B980-51EE14AA735A}.Debug|Any CPU.Build.0 = Debug|Any CPU
		{7F3735BD-C56D-49A0-B980-51EE14AA735A}.Debug|x64.ActiveCfg = Debug|Any CPU
		{7F3735BD-C56D-49A0-B980-51EE14AA735A}.Debug|x64.Build.0 = Debug|Any CPU
		{7F3735BD-C56D-49A0-B980-51EE14AA735A}.Debug|x86.ActiveCfg = Debug|Any CPU
		{7F3735BD-C56D-49A0-B980-51EE14AA735A}.Debug|x86.Build.0 = Debug|Any CPU
		{7F3735BD-C56D-49A0-B980-51EE14AA735A}.Release|Any CPU.ActiveCfg = Release|Any CPU
		{7F3735BD-C56D-49A0-B980-51EE14AA735A}.Release|Any CPU.Build.0 = Release|Any CPU
		{7F3735BD-C56D-49A0-B980-51EE14AA735A}.Release|x64.ActiveCfg = Release|Any CPU
		{7F3735BD-C56D-49A0-B980-51EE14AA735A}.Release|x64.Build.0 = Release|Any CPU
		{7F3735BD-C56D-49A0-B980-51EE14AA735A}.Release|x86.ActiveCfg = Release|Any CPU
		{7F3735BD-C56D-49A0-B980-51EE14AA735A}.Release|x86.Build.0 = Release|Any CPU
		{1EB8C37E-0070-44E5-B10B-2F7D39C69487}.Debug|Any CPU.ActiveCfg = Debug|Any CPU
		{1EB8C37E-0070-44E5-B10B-2F7D39C69487}.Debug|Any CPU.Build.0 = Debug|Any CPU
		{1EB8C37E-0070-44E5-B10B-2F7D39C69487}.Debug|x64.ActiveCfg = Debug|Any CPU
		{1EB8C37E-0070-44E5-B10B-2F7D39C69487}.Debug|x64.Build.0 = Debug|Any CPU
		{1EB8C37E-0070-44E5-B10B-2F7D39C69487}.Debug|x86.ActiveCfg = Debug|Any CPU
		{1EB8C37E-0070-44E5-B10B-2F7D39C69487}.Debug|x86.Build.0 = Debug|Any CPU
		{1EB8C37E-0070-44E5-B10B-2F7D39C69487}.Release|Any CPU.ActiveCfg = Release|Any CPU
		{1EB8C37E-0070-44E5-B10B-2F7D39C69487}.Release|Any CPU.Build.0 = Release|Any CPU
		{1EB8C37E-0070-44E5-B10B-2F7D39C69487}.Release|x64.ActiveCfg = Release|Any CPU
		{1EB8C37E-0070-44E5-B10B-2F7D39C69487}.Release|x64.Build.0 = Release|Any CPU
		{1EB8C37E-0070-44E5-B10B-2F7D39C69487}.Release|x86.ActiveCfg = Release|Any CPU
		{1EB8C37E-0070-44E5-B10B-2F7D39C69487}.Release|x86.Build.0 = Release|Any CPU
	EndGlobalSection
	GlobalSection(SolutionProperties) = preSolution
		HideSolutionNode = FALSE
	EndGlobalSection
	GlobalSection(NestedProjects) = preSolution
		{8A2667FC-ECC9-49C1-9BAE-B19E9DAE2765} = {11B50484-5A92-4DE5-9484-EA1255CB3E5C}
		{26CC2F28-2C43-460A-B936-BEE0F66837A8} = {11B50484-5A92-4DE5-9484-EA1255CB3E5C}
		{7DDCE663-7DFE-4A05-82D1-4AEFF61142CD} = {11B50484-5A92-4DE5-9484-EA1255CB3E5C}
		{0C5D92C8-45CB-407B-B16A-2CA1B90E3517} = {11B50484-5A92-4DE5-9484-EA1255CB3E5C}
		{B97D3682-EBB0-4736-87A3-D8D743595647} = {234D747B-D1C7-4E49-BE24-A5D7F186694A}
		{7F3735BD-C56D-49A0-B980-51EE14AA735A} = {11B50484-5A92-4DE5-9484-EA1255CB3E5C}
		{1EB8C37E-0070-44E5-B10B-2F7D39C69487} = {11B50484-5A92-4DE5-9484-EA1255CB3E5C}
	EndGlobalSection
EndGlobal
